
Microsoft Visual Studio Solution File, Format Version 12.00
# Visual Studio Version 17
VisualStudioVersion = 17.8.34408.163
MinimumVisualStudioVersion = 10.0.40219.1
Project("{FAE04EC0-301F-11D3-BF4B-00C04F79EFBC}") = "Applicacion", "Applicacion\Applicacion.csproj", "{D7DE0B4D-64CB-4024-BD27-DA626BD013F2}"
EndProject
Global
	GlobalSection(SolutionConfigurationPlatforms) = preSolution
		Debug|Any CPU = Debug|Any CPU
		Release|Any CPU = Release|Any CPU
	EndGlobalSection
	GlobalSection(ProjectConfigurationPlatforms) = postSolution
		{D7DE0B4D-64CB-4024-BD27-DA626BD013F2}.Debug|Any CPU.ActiveCfg = Debug|Any CPU
		{D7DE0B4D-64CB-4024-BD27-DA626BD013F2}.Debug|Any CPU.Build.0 = Debug|Any CPU
		{D7DE0B4D-64CB-4024-BD27-DA626BD013F2}.Release|Any CPU.ActiveCfg = Release|Any CPU
		{D7DE0B4D-64CB-4024-BD27-DA626BD013F2}.Release|Any CPU.Build.0 = Release|Any CPU
	EndGlobalSection
	GlobalSection(SolutionProperties) = preSolution
		HideSolutionNode = FALSE
	EndGlobalSection
	GlobalSection(ExtensibilityGlobals) = postSolution
		SolutionGuid = {449F2E18-51E3-4DC0-BAF9-89D3958A8BD7}
	EndGlobalSection
EndGlobal
